
Microsoft Visual Studio Solution File, Format Version 12.00
# Visual Studio Version 16
VisualStudioVersion = 16.0.30114.105
MinimumVisualStudioVersion = 10.0.40219.1
Project("{FAE04EC0-301F-11D3-BF4B-00C04F79EFBC}") = "Maskophf_App", "App\Maskophf_App.csproj", "{CE935F4E-EC4C-449F-BE3A-7A87C6D03083}"
EndProject
Project("{FAE04EC0-301F-11D3-BF4B-00C04F79EFBC}") = "Maskophf_Lib", "Lib\Maskophf_Lib.csproj", "{15F1416A-5F16-46F0-A6A3-7399E43C485E}"
EndProject
Global
	GlobalSection(SolutionConfigurationPlatforms) = preSolution
		Debug|Any CPU = Debug|Any CPU
		Release|Any CPU = Release|Any CPU
	EndGlobalSection
	GlobalSection(SolutionProperties) = preSolution
		HideSolutionNode = FALSE
	EndGlobalSection
	GlobalSection(ProjectConfigurationPlatforms) = postSolution
		{CE935F4E-EC4C-449F-BE3A-7A87C6D03083}.Debug|Any CPU.ActiveCfg = Debug|Any CPU
		{CE935F4E-EC4C-449F-BE3A-7A87C6D03083}.Debug|Any CPU.Build.0 = Debug|Any CPU
		{CE935F4E-EC4C-449F-BE3A-7A87C6D03083}.Release|Any CPU.ActiveCfg = Release|Any CPU
		{CE935F4E-EC4C-449F-BE3A-7A87C6D03083}.Release|Any CPU.Build.0 = Release|Any CPU
		{15F1416A-5F16-46F0-A6A3-7399E43C485E}.Debug|Any CPU.ActiveCfg = Debug|Any CPU
		{15F1416A-5F16-46F0-A6A3-7399E43C485E}.Debug|Any CPU.Build.0 = Debug|Any CPU
		{15F1416A-5F16-46F0-A6A3-7399E43C485E}.Release|Any CPU.ActiveCfg = Release|Any CPU
		{15F1416A-5F16-46F0-A6A3-7399E43C485E}.Release|Any CPU.Build.0 = Release|Any CPU
	EndGlobalSection
EndGlobal
